// !$*UTF8*$!
{
	archiveVersion = 1;
	classes = {
	};
	objectVersion = 50;
	objects = {

/* Begin PBXBuildFile section */
		CE0947AD21C8ADC6008E02A0 /* main.swift in Sources */ = {isa = PBXBuildFile; fileRef = CE0947AC21C8ADC6008E02A0 /* main.swift */; };
		CE0947B421C8ADE9008E02A0 /* 01.NumbersDisappeared.swift in Sources */ = {isa = PBXBuildFile; fileRef = CE0947B321C8ADE9008E02A0 /* 01.NumbersDisappeared.swift */; };
		CE653F6C21C9C8AD001ED4F1 /* 02.FindTheDifference.swift in Sources */ = {isa = PBXBuildFile; fileRef = CE653F6B21C9C8AD001ED4F1 /* 02.FindTheDifference.swift */; };
		CE653F6E21C9CAD5001ED4F1 /* 03.SelfDividingNumber.swift in Sources */ = {isa = PBXBuildFile; fileRef = CE653F6D21C9CAD5001ED4F1 /* 03.SelfDividingNumber.swift */; };
		CE653F7021C9CDA7001ED4F1 /* 04.ReverseString.swift in Sources */ = {isa = PBXBuildFile; fileRef = CE653F6F21C9CDA7001ED4F1 /* 04.ReverseString.swift */; };
		CE653F7221C9CF0C001ED4F1 /* 05.RomanToInt.swift in Sources */ = {isa = PBXBuildFile; fileRef = CE653F7121C9CF0C001ED4F1 /* 05.RomanToInt.swift */; };
		CE653F7421C9E4DB001ED4F1 /* 06.ReverseNumber.swift in Sources */ = {isa = PBXBuildFile; fileRef = CE653F7321C9E4DB001ED4F1 /* 06.ReverseNumber.swift */; };
		CE653F7621C9F06A001ED4F1 /* 07.AddDigits.swift in Sources */ = {isa = PBXBuildFile; fileRef = CE653F7521C9F06A001ED4F1 /* 07.AddDigits.swift */; };
		CE653F7821C9FB48001ED4F1 /* 08.MoveZeroes.swift in Sources */ = {isa = PBXBuildFile; fileRef = CE653F7721C9FB48001ED4F1 /* 08.MoveZeroes.swift */; };
		CE653F7A21C9FE18001ED4F1 /* 09.SingleNumber.swift in Sources */ = {isa = PBXBuildFile; fileRef = CE653F7921C9FE18001ED4F1 /* 09.SingleNumber.swift */; };
		CE653F7C21CA00CC001ED4F1 /* 10.ReverseLinkedList.swift in Sources */ = {isa = PBXBuildFile; fileRef = CE653F7B21CA00CC001ED4F1 /* 10.ReverseLinkedList.swift */; };
/* End PBXBuildFile section */

/* Begin PBXCopyFilesBuildPhase section */
		CE0947A721C8ADC6008E02A0 /* CopyFiles */ = {
			isa = PBXCopyFilesBuildPhase;
			buildActionMask = 2147483647;
			dstPath = /usr/share/man/man1/;
			dstSubfolderSpec = 0;
			files = (
			);
			runOnlyForDeploymentPostprocessing = 1;
		};
/* End PBXCopyFilesBuildPhase section */

/* Begin PBXFileReference section */
		CE0947A921C8ADC6008E02A0 /* final-algorithms */ = {isa = PBXFileReference; explicitFileType = "compiled.mach-o.executable"; includeInIndex = 0; path = "final-algorithms"; sourceTree = BUILT_PRODUCTS_DIR; };
		CE0947AC21C8ADC6008E02A0 /* main.swift */ = {isa = PBXFileReference; lastKnownFileType = sourcecode.swift; path = main.swift; sourceTree = "<group>"; };
		CE0947B321C8ADE9008E02A0 /* 01.NumbersDisappeared.swift */ = {isa = PBXFileReference; lastKnownFileType = sourcecode.swift; path = 01.NumbersDisappeared.swift; sourceTree = "<group>"; };
		CE653F6B21C9C8AD001ED4F1 /* 02.FindTheDifference.swift */ = {isa = PBXFileReference; lastKnownFileType = sourcecode.swift; path = 02.FindTheDifference.swift; sourceTree = "<group>"; };
		CE653F6D21C9CAD5001ED4F1 /* 03.SelfDividingNumber.swift */ = {isa = PBXFileReference; lastKnownFileType = sourcecode.swift; path = 03.SelfDividingNumber.swift; sourceTree = "<group>"; };
		CE653F6F21C9CDA7001ED4F1 /* 04.ReverseString.swift */ = {isa = PBXFileReference; lastKnownFileType = sourcecode.swift; path = 04.ReverseString.swift; sourceTree = "<group>"; };
		CE653F7121C9CF0C001ED4F1 /* 05.RomanToInt.swift */ = {isa = PBXFileReference; lastKnownFileType = sourcecode.swift; path = 05.RomanToInt.swift; sourceTree = "<group>"; };
		CE653F7321C9E4DB001ED4F1 /* 06.ReverseNumber.swift */ = {isa = PBXFileReference; lastKnownFileType = sourcecode.swift; path = 06.ReverseNumber.swift; sourceTree = "<group>"; };
		CE653F7521C9F06A001ED4F1 /* 07.AddDigits.swift */ = {isa = PBXFileReference; lastKnownFileType = sourcecode.swift; path = 07.AddDigits.swift; sourceTree = "<group>"; };
		CE653F7721C9FB48001ED4F1 /* 08.MoveZeroes.swift */ = {isa = PBXFileReference; lastKnownFileType = sourcecode.swift; path = 08.MoveZeroes.swift; sourceTree = "<group>"; };
		CE653F7921C9FE18001ED4F1 /* 09.SingleNumber.swift */ = {isa = PBXFileReference; lastKnownFileType = sourcecode.swift; path = 09.SingleNumber.swift; sourceTree = "<group>"; };
		CE653F7B21CA00CC001ED4F1 /* 10.ReverseLinkedList.swift */ = {isa = PBXFileReference; lastKnownFileType = sourcecode.swift; path = 10.ReverseLinkedList.swift; sourceTree = "<group>"; };
/* End PBXFileReference section */

/* Begin PBXFrameworksBuildPhase section */
		CE0947A621C8ADC6008E02A0 /* Frameworks */ = {
			isa = PBXFrameworksBuildPhase;
			buildActionMask = 2147483647;
			files = (
			);
			runOnlyForDeploymentPostprocessing = 0;
		};
/* End PBXFrameworksBuildPhase section */

/* Begin PBXGroup section */
		CE0947A021C8ADC6008E02A0 = {
			isa = PBXGroup;
			children = (
				CE0947AB21C8ADC6008E02A0 /* final-algorithms */,
				CE0947AA21C8ADC6008E02A0 /* Products */,
			);
			sourceTree = "<group>";
		};
		CE0947AA21C8ADC6008E02A0 /* Products */ = {
			isa = PBXGroup;
			children = (
				CE0947A921C8ADC6008E02A0 /* final-algorithms */,
			);
			name = Products;
			sourceTree = "<group>";
		};
		CE0947AB21C8ADC6008E02A0 /* final-algorithms */ = {
			isa = PBXGroup;
			children = (
				CE0947AC21C8ADC6008E02A0 /* main.swift */,
				CE0947B321C8ADE9008E02A0 /* 01.NumbersDisappeared.swift */,
				CE653F6B21C9C8AD001ED4F1 /* 02.FindTheDifference.swift */,
				CE653F6D21C9CAD5001ED4F1 /* 03.SelfDividingNumber.swift */,
				CE653F6F21C9CDA7001ED4F1 /* 04.ReverseString.swift */,
				CE653F7121C9CF0C001ED4F1 /* 05.RomanToInt.swift */,
				CE653F7321C9E4DB001ED4F1 /* 06.ReverseNumber.swift */,
				CE653F7521C9F06A001ED4F1 /* 07.AddDigits.swift */,
				CE653F7721C9FB48001ED4F1 /* 08.MoveZeroes.swift */,
				CE653F7921C9FE18001ED4F1 /* 09.SingleNumber.swift */,
				CE653F7B21CA00CC001ED4F1 /* 10.ReverseLinkedList.swift */,
			);
			path = "final-algorithms";
			sourceTree = "<group>";
		};
/* End PBXGroup section */

/* Begin PBXNativeTarget section */
		CE0947A821C8ADC6008E02A0 /* final-algorithms */ = {
			isa = PBXNativeTarget;
			buildConfigurationList = CE0947B021C8ADC6008E02A0 /* Build configuration list for PBXNativeTarget "final-algorithms" */;
			buildPhases = (
				CE0947A521C8ADC6008E02A0 /* Sources */,
				CE0947A621C8ADC6008E02A0 /* Frameworks */,
				CE0947A721C8ADC6008E02A0 /* CopyFiles */,
			);
			buildRules = (
			);
			dependencies = (
			);
			name = "final-algorithms";
			productName = "final-algorithms";
			productReference = CE0947A921C8ADC6008E02A0 /* final-algorithms */;
			productType = "com.apple.product-type.tool";
		};
/* End PBXNativeTarget section */

/* Begin PBXProject section */
		CE0947A121C8ADC6008E02A0 /* Project object */ = {
			isa = PBXProject;
			attributes = {
				LastSwiftUpdateCheck = 1010;
				LastUpgradeCheck = 1010;
				ORGANIZATIONNAME = User;
				TargetAttributes = {
					CE0947A821C8ADC6008E02A0 = {
						CreatedOnToolsVersion = 10.1;
					};
				};
			};
			buildConfigurationList = CE0947A421C8ADC6008E02A0 /* Build configuration list for PBXProject "final-algorithms" */;
			compatibilityVersion = "Xcode 9.3";
			developmentRegion = en;
			hasScannedForEncodings = 0;
			knownRegions = (
				en,
			);
			mainGroup = CE0947A021C8ADC6008E02A0;
			productRefGroup = CE0947AA21C8ADC6008E02A0 /* Products */;
			projectDirPath = "";
			projectRoot = "";
			targets = (
				CE0947A821C8ADC6008E02A0 /* final-algorithms */,
			);
		};
/* End PBXProject section */

/* Begin PBXSourcesBuildPhase section */
		CE0947A521C8ADC6008E02A0 /* Sources */ = {
			isa = PBXSourcesBuildPhase;
			buildActionMask = 2147483647;
			files = (
				CE653F7221C9CF0C001ED4F1 /* 05.RomanToInt.swift in Sources */,
				CE653F7821C9FB48001ED4F1 /* 08.MoveZeroes.swift in Sources */,
				CE653F7021C9CDA7001ED4F1 /* 04.ReverseString.swift in Sources */,
				CE653F6E21C9CAD5001ED4F1 /* 03.SelfDividingNumber.swift in Sources */,
				CE653F7A21C9FE18001ED4F1 /* 09.SingleNumber.swift in Sources */,
				CE653F6C21C9C8AD001ED4F1 /* 02.FindTheDifference.swift in Sources */,
				CE0947AD21C8ADC6008E02A0 /* main.swift in Sources */,
				CE653F7C21CA00CC001ED4F1 /* 10.ReverseLinkedList.swift in Sources */,
				CE0947B421C8ADE9008E02A0 /* 01.NumbersDisappeared.swift in Sources */,
				CE653F7421C9E4DB001ED4F1 /* 06.ReverseNumber.swift in Sources */,
				CE653F7621C9F06A001ED4F1 /* 07.AddDigits.swift in Sources */,
			);
			runOnlyForDeploymentPostprocessing = 0;
		};
/* End PBXSourcesBuildPhase section */

/* Begin XCBuildConfiguration section */
		CE0947AE21C8ADC6008E02A0 /* Debug */ = {
			isa = XCBuildConfiguration;
			buildSettings = {
				ALWAYS_SEARCH_USER_PATHS = NO;
				CLANG_ANALYZER_NONNULL = YES;
				CLANG_ANALYZER_NUMBER_OBJECT_CONVERSION = YES_AGGRESSIVE;
				CLANG_CXX_LANGUAGE_STANDARD = "gnu++14";
				CLANG_CXX_LIBRARY = "libc++";
				CLANG_ENABLE_MODULES = YES;
				CLANG_ENABLE_OBJC_ARC = YES;
				CLANG_ENABLE_OBJC_WEAK = YES;
				CLANG_WARN_BLOCK_CAPTURE_AUTORELEASING = YES;
				CLANG_WARN_BOOL_CONVERSION = YES;
				CLANG_WARN_COMMA = YES;
				CLANG_WARN_CONSTANT_CONVERSION = YES;
				CLANG_WARN_DEPRECATED_OBJC_IMPLEMENTATIONS = YES;
				CLANG_WARN_DIRECT_OBJC_ISA_USAGE = YES_ERROR;
				CLANG_WARN_DOCUMENTATION_COMMENTS = YES;
				CLANG_WARN_EMPTY_BODY = YES;
				CLANG_WARN_ENUM_CONVERSION = YES;
				CLANG_WARN_INFINITE_RECURSION = YES;
				CLANG_WARN_INT_CONVERSION = YES;
				CLANG_WARN_NON_LITERAL_NULL_CONVERSION = YES;
				CLANG_WARN_OBJC_IMPLICIT_RETAIN_SELF = YES;
				CLANG_WARN_OBJC_LITERAL_CONVERSION = YES;
				CLANG_WARN_OBJC_ROOT_CLASS = YES_ERROR;
				CLANG_WARN_RANGE_LOOP_ANALYSIS = YES;
				CLANG_WARN_STRICT_PROTOTYPES = YES;
				CLANG_WARN_SUSPICIOUS_MOVE = YES;
				CLANG_WARN_UNGUARDED_AVAILABILITY = YES_AGGRESSIVE;
				CLANG_WARN_UNREACHABLE_CODE = YES;
				CLANG_WARN__DUPLICATE_METHOD_MATCH = YES;
				CODE_SIGN_IDENTITY = "Mac Developer";
				COPY_PHASE_STRIP = NO;
				DEBUG_INFORMATION_FORMAT = dwarf;
				ENABLE_STRICT_OBJC_MSGSEND = YES;
				ENABLE_TESTABILITY = YES;
				GCC_C_LANGUAGE_STANDARD = gnu11;
				GCC_DYNAMIC_NO_PIC = NO;
				GCC_NO_COMMON_BLOCKS = YES;
				GCC_OPTIMIZATION_LEVEL = 0;
				GCC_PREPROCESSOR_DEFINITIONS = (
					"DEBUG=1",
					"$(inherited)",
				);
				GCC_WARN_64_TO_32_BIT_CONVERSION = YES;
				GCC_WARN_ABOUT_RETURN_TYPE = YES_ERROR;
				GCC_WARN_UNDECLARED_SELECTOR = YES;
				GCC_WARN_UNINITIALIZED_AUTOS = YES_AGGRESSIVE;
				GCC_WARN_UNUSED_FUNCTION = YES;
				GCC_WARN_UNUSED_VARIABLE = YES;
				MACOSX_DEPLOYMENT_TARGET = 10.13;
				MTL_ENABLE_DEBUG_INFO = INCLUDE_SOURCE;
				MTL_FAST_MATH = YES;
				ONLY_ACTIVE_ARCH = YES;
				SDKROOT = macosx;
				SWIFT_ACTIVE_COMPILATION_CONDITIONS = DEBUG;
				SWIFT_OPTIMIZATION_LEVEL = "-Onone";
			};
			name = Debug;
		};
		CE0947AF21C8ADC6008E02A0 /* Release */ = {
			isa = XCBuildConfiguration;
			buildSettings = {
				ALWAYS_SEARCH_USER_PATHS = NO;
				CLANG_ANALYZER_NONNULL = YES;
				CLANG_ANALYZER_NUMBER_OBJECT_CONVERSION = YES_AGGRESSIVE;
				CLANG_CXX_LANGUAGE_STANDARD = "gnu++14";
				CLANG_CXX_LIBRARY = "libc++";
				CLANG_ENABLE_MODULES = YES;
				CLANG_ENABLE_OBJC_ARC = YES;
				CLANG_ENABLE_OBJC_WEAK = YES;
				CLANG_WARN_BLOCK_CAPTURE_AUTORELEASING = YES;
				CLANG_WARN_BOOL_CONVERSION = YES;
				CLANG_WARN_COMMA = YES;
				CLANG_WARN_CONSTANT_CONVERSION = YES;
				CLANG_WARN_DEPRECATED_OBJC_IMPLEMENTATIONS = YES;
				CLANG_WARN_DIRECT_OBJC_ISA_USAGE = YES_ERROR;
				CLANG_WARN_DOCUMENTATION_COMMENTS = YES;
				CLANG_WARN_EMPTY_BODY = YES;
				CLANG_WARN_ENUM_CONVERSION = YES;
				CLANG_WARN_INFINITE_RECURSION = YES;
				CLANG_WARN_INT_CONVERSION = YES;
				CLANG_WARN_NON_LITERAL_NULL_CONVERSION = YES;
				CLANG_WARN_OBJC_IMPLICIT_RETAIN_SELF = YES;
				CLANG_WARN_OBJC_LITERAL_CONVERSION = YES;
				CLANG_WARN_OBJC_ROOT_CLASS = YES_ERROR;
				CLANG_WARN_RANGE_LOOP_ANALYSIS = YES;
				CLANG_WARN_STRICT_PROTOTYPES = YES;
				CLANG_WARN_SUSPICIOUS_MOVE = YES;
				CLANG_WARN_UNGUARDED_AVAILABILITY = YES_AGGRESSIVE;
				CLANG_WARN_UNREACHABLE_CODE = YES;
				CLANG_WARN__DUPLICATE_METHOD_MATCH = YES;
				CODE_SIGN_IDENTITY = "Mac Developer";
				COPY_PHASE_STRIP = NO;
				DEBUG_INFORMATION_FORMAT = "dwarf-with-dsym";
				ENABLE_NS_ASSERTIONS = NO;
				ENABLE_STRICT_OBJC_MSGSEND = YES;
				GCC_C_LANGUAGE_STANDARD = gnu11;
				GCC_NO_COMMON_BLOCKS = YES;
				GCC_WARN_64_TO_32_BIT_CONVERSION = YES;
				GCC_WARN_ABOUT_RETURN_TYPE = YES_ERROR;
				GCC_WARN_UNDECLARED_SELECTOR = YES;
				GCC_WARN_UNINITIALIZED_AUTOS = YES_AGGRESSIVE;
				GCC_WARN_UNUSED_FUNCTION = YES;
				GCC_WARN_UNUSED_VARIABLE = YES;
				MACOSX_DEPLOYMENT_TARGET = 10.13;
				MTL_ENABLE_DEBUG_INFO = NO;
				MTL_FAST_MATH = YES;
				SDKROOT = macosx;
				SWIFT_COMPILATION_MODE = wholemodule;
				SWIFT_OPTIMIZATION_LEVEL = "-O";
			};
			name = Release;
		};
		CE0947B121C8ADC6008E02A0 /* Debug */ = {
			isa = XCBuildConfiguration;
			buildSettings = {
				CODE_SIGN_STYLE = Automatic;
				DEVELOPMENT_TEAM = 8SUQQ8935B;
				PRODUCT_NAME = "$(TARGET_NAME)";
				SWIFT_VERSION = 4.2;
			};
			name = Debug;
		};
		CE0947B221C8ADC6008E02A0 /* Release */ = {
			isa = XCBuildConfiguration;
			buildSettings = {
				CODE_SIGN_STYLE = Automatic;
				DEVELOPMENT_TEAM = 8SUQQ8935B;
				PRODUCT_NAME = "$(TARGET_NAME)";
				SWIFT_VERSION = 4.2;
			};
			name = Release;
		};
/* End XCBuildConfiguration section */

/* Begin XCConfigurationList section */
		CE0947A421C8ADC6008E02A0 /* Build configuration list for PBXProject "final-algorithms" */ = {
			isa = XCConfigurationList;
			buildConfigurations = (
				CE0947AE21C8ADC6008E02A0 /* Debug */,
				CE0947AF21C8ADC6008E02A0 /* Release */,
			);
			defaultConfigurationIsVisible = 0;
			defaultConfigurationName = Release;
		};
		CE0947B021C8ADC6008E02A0 /* Build configuration list for PBXNativeTarget "final-algorithms" */ = {
			isa = XCConfigurationList;
			buildConfigurations = (
				CE0947B121C8ADC6008E02A0 /* Debug */,
				CE0947B221C8ADC6008E02A0 /* Release */,
			);
			defaultConfigurationIsVisible = 0;
			defaultConfigurationName = Release;
		};
/* End XCConfigurationList section */
	};
	rootObject = CE0947A121C8ADC6008E02A0 /* Project object */;
}
